// !$*UTF8*$!
{
	archiveVersion = 1;
	classes = {
	};
	objectVersion = 46;
	objects = {

/* Begin PBXBuildFile section */
		9CFCC31C78A3C3A1594E8A99 /* Pods.framework in Frameworks */ = {isa = PBXBuildFile; fileRef = 1C70CCE680A20D3496F374FF /* Pods.framework */; };
		AC4D4A90586C2538FBF0C736 /* Pods_World_Mapper.framework in Frameworks */ = {isa = PBXBuildFile; fileRef = E83B75DAA94B2571A538CDF9 /* Pods_World_Mapper.framework */; };
		BA3A4D2D1C6D86A000765904 /* Main.storyboard in Resources */ = {isa = PBXBuildFile; fileRef = BA3A4D2B1C6D86A000765904 /* Main.storyboard */; };
		BA3A4D2F1C6D86A000765904 /* Assets.xcassets in Resources */ = {isa = PBXBuildFile; fileRef = BA3A4D2E1C6D86A000765904 /* Assets.xcassets */; };
		BA3A4D321C6D86A000765904 /* LaunchScreen.storyboard in Resources */ = {isa = PBXBuildFile; fileRef = BA3A4D301C6D86A000765904 /* LaunchScreen.storyboard */; };
		BA3A4D901C6D8C3800765904 /* AppDelegate.swift in Sources */ = {isa = PBXBuildFile; fileRef = BA3A4D8F1C6D8C3800765904 /* AppDelegate.swift */; };
		BA3A4D921C6D8C3E00765904 /* ViewController.swift in Sources */ = {isa = PBXBuildFile; fileRef = BA3A4D911C6D8C3E00765904 /* ViewController.swift */; };
		BA3FC6531C7379250048EC2D /* DataEvent.swift in Sources */ = {isa = PBXBuildFile; fileRef = BA3FC64D1C7379250048EC2D /* DataEvent.swift */; };
		BA3FC6541C7379250048EC2D /* Experience.swift in Sources */ = {isa = PBXBuildFile; fileRef = BA3FC64E1C7379250048EC2D /* Experience.swift */; };
		BA3FC6551C7379250048EC2D /* LocationUpdate.swift in Sources */ = {isa = PBXBuildFile; fileRef = BA3FC64F1C7379250048EC2D /* LocationUpdate.swift */; };
		BA3FC6561C7379250048EC2D /* MotionActivityUpdate.swift in Sources */ = {isa = PBXBuildFile; fileRef = BA3FC6501C7379250048EC2D /* MotionActivityUpdate.swift */; };
		BA3FC6571C7379250048EC2D /* SensorMoment.swift in Sources */ = {isa = PBXBuildFile; fileRef = BA3FC6511C7379250048EC2D /* SensorMoment.swift */; };
		BA3FC6581C7379250048EC2D /* WorldObject.swift in Sources */ = {isa = PBXBuildFile; fileRef = BA3FC6521C7379250048EC2D /* WorldObject.swift */; };
		BABB61431C6D947F003D3E71 /* Keys.swift in Sources */ = {isa = PBXBuildFile; fileRef = BABB61421C6D947F003D3E71 /* Keys.swift */; };
/* End PBXBuildFile section */

/* Begin PBXContainerItemProxy section */
		BA3A4D391C6D86A000765904 /* PBXContainerItemProxy */ = {
			isa = PBXContainerItemProxy;
			containerPortal = BA3A4D171C6D86A000765904 /* Project object */;
			proxyType = 1;
			remoteGlobalIDString = BA3A4D1E1C6D86A000765904;
			remoteInfo = "World Mapper";
		};
		BA3A4D441C6D86A000765904 /* PBXContainerItemProxy */ = {
			isa = PBXContainerItemProxy;
			containerPortal = BA3A4D171C6D86A000765904 /* Project object */;
			proxyType = 1;
			remoteGlobalIDString = BA3A4D1E1C6D86A000765904;
			remoteInfo = "World Mapper";
		};
/* End PBXContainerItemProxy section */

/* Begin PBXFileReference section */
		1C70CCE680A20D3496F374FF /* Pods.framework */ = {isa = PBXFileReference; explicitFileType = wrapper.framework; includeInIndex = 0; path = Pods.framework; sourceTree = BUILT_PRODUCTS_DIR; };
		7DC11FDC9AA1CF03088A0611 /* Pods-World Mapper.release.xcconfig */ = {isa = PBXFileReference; includeInIndex = 1; lastKnownFileType = text.xcconfig; name = "Pods-World Mapper.release.xcconfig"; path = "Pods/Target Support Files/Pods-World Mapper/Pods-World Mapper.release.xcconfig"; sourceTree = "<group>"; };
		BA3A4D1F1C6D86A000765904 /* World Mapper.app */ = {isa = PBXFileReference; explicitFileType = wrapper.application; includeInIndex = 0; path = "World Mapper.app"; sourceTree = BUILT_PRODUCTS_DIR; };
		BA3A4D2C1C6D86A000765904 /* Base */ = {isa = PBXFileReference; lastKnownFileType = file.storyboard; name = Base; path = Base.lproj/Main.storyboard; sourceTree = "<group>"; };
		BA3A4D2E1C6D86A000765904 /* Assets.xcassets */ = {isa = PBXFileReference; lastKnownFileType = folder.assetcatalog; path = Assets.xcassets; sourceTree = "<group>"; };
		BA3A4D311C6D86A000765904 /* Base */ = {isa = PBXFileReference; lastKnownFileType = file.storyboard; name = Base; path = Base.lproj/LaunchScreen.storyboard; sourceTree = "<group>"; };
		BA3A4D331C6D86A000765904 /* Info.plist */ = {isa = PBXFileReference; lastKnownFileType = text.plist.xml; path = Info.plist; sourceTree = "<group>"; };
		BA3A4D381C6D86A000765904 /* World MapperTests.xctest */ = {isa = PBXFileReference; explicitFileType = wrapper.cfbundle; includeInIndex = 0; path = "World MapperTests.xctest"; sourceTree = BUILT_PRODUCTS_DIR; };
		BA3A4D431C6D86A000765904 /* World MapperUITests.xctest */ = {isa = PBXFileReference; explicitFileType = wrapper.cfbundle; includeInIndex = 0; path = "World MapperUITests.xctest"; sourceTree = BUILT_PRODUCTS_DIR; };
		BA3A4D8F1C6D8C3800765904 /* AppDelegate.swift */ = {isa = PBXFileReference; fileEncoding = 4; lastKnownFileType = sourcecode.swift; name = AppDelegate.swift; path = ../AppDelegate.swift; sourceTree = "<group>"; };
		BA3A4D911C6D8C3E00765904 /* ViewController.swift */ = {isa = PBXFileReference; fileEncoding = 4; lastKnownFileType = sourcecode.swift; name = ViewController.swift; path = ../ViewController.swift; sourceTree = "<group>"; };
		BA3FC64D1C7379250048EC2D /* DataEvent.swift */ = {isa = PBXFileReference; fileEncoding = 4; lastKnownFileType = sourcecode.swift; path = DataEvent.swift; sourceTree = "<group>"; };
		BA3FC64E1C7379250048EC2D /* Experience.swift */ = {isa = PBXFileReference; fileEncoding = 4; lastKnownFileType = sourcecode.swift; path = Experience.swift; sourceTree = "<group>"; };
		BA3FC64F1C7379250048EC2D /* LocationUpdate.swift */ = {isa = PBXFileReference; fileEncoding = 4; lastKnownFileType = sourcecode.swift; path = LocationUpdate.swift; sourceTree = "<group>"; };
		BA3FC6501C7379250048EC2D /* MotionActivityUpdate.swift */ = {isa = PBXFileReference; fileEncoding = 4; lastKnownFileType = sourcecode.swift; path = MotionActivityUpdate.swift; sourceTree = "<group>"; };
		BA3FC6511C7379250048EC2D /* SensorMoment.swift */ = {isa = PBXFileReference; fileEncoding = 4; lastKnownFileType = sourcecode.swift; path = SensorMoment.swift; sourceTree = "<group>"; };
		BA3FC6521C7379250048EC2D /* WorldObject.swift */ = {isa = PBXFileReference; fileEncoding = 4; lastKnownFileType = sourcecode.swift; path = WorldObject.swift; sourceTree = "<group>"; };
		BABB61341C6D93C8003D3E71 /* World Mapper-Bridging-Header.h */ = {isa = PBXFileReference; lastKnownFileType = sourcecode.c.h; path = "World Mapper-Bridging-Header.h"; sourceTree = "<group>"; };
		BABB61421C6D947F003D3E71 /* Keys.swift */ = {isa = PBXFileReference; fileEncoding = 4; lastKnownFileType = sourcecode.swift; path = Keys.swift; sourceTree = "<group>"; };
		E83B75DAA94B2571A538CDF9 /* Pods_World_Mapper.framework */ = {isa = PBXFileReference; explicitFileType = wrapper.framework; includeInIndex = 0; path = Pods_World_Mapper.framework; sourceTree = BUILT_PRODUCTS_DIR; };
		EEDA149C9BC80A1928C32317 /* Pods-World Mapper.debug.xcconfig */ = {isa = PBXFileReference; includeInIndex = 1; lastKnownFileType = text.xcconfig; name = "Pods-World Mapper.debug.xcconfig"; path = "Pods/Target Support Files/Pods-World Mapper/Pods-World Mapper.debug.xcconfig"; sourceTree = "<group>"; };
/* End PBXFileReference section */

/* Begin PBXFrameworksBuildPhase section */
		BA3A4D1C1C6D86A000765904 /* Frameworks */ = {
			isa = PBXFrameworksBuildPhase;
			buildActionMask = 2147483647;
			files = (
				AC4D4A90586C2538FBF0C736 /* Pods_World_Mapper.framework in Frameworks */,
				9CFCC31C78A3C3A1594E8A99 /* Pods.framework in Frameworks */,
			);
			runOnlyForDeploymentPostprocessing = 0;
		};
		BA3A4D351C6D86A000765904 /* Frameworks */ = {
			isa = PBXFrameworksBuildPhase;
			buildActionMask = 2147483647;
			files = (
			);
			runOnlyForDeploymentPostprocessing = 0;
		};
		BA3A4D401C6D86A000765904 /* Frameworks */ = {
			isa = PBXFrameworksBuildPhase;
			buildActionMask = 2147483647;
			files = (
			);
			runOnlyForDeploymentPostprocessing = 0;
		};
/* End PBXFrameworksBuildPhase section */

/* Begin PBXGroup section */
		3D59EFDE2040DCB62F2A824C /* Frameworks */ = {
			isa = PBXGroup;
			children = (
				E83B75DAA94B2571A538CDF9 /* Pods_World_Mapper.framework */,
				1C70CCE680A20D3496F374FF /* Pods.framework */,
			);
			name = Frameworks;
			sourceTree = "<group>";
		};
		BA3A4D161C6D86A000765904 = {
			isa = PBXGroup;
			children = (
				BA3A4D211C6D86A000765904 /* World Mapper */,
				BA3A4D201C6D86A000765904 /* Products */,
				DEB24EF9FC8A4F0387A21BAB /* Pods */,
				3D59EFDE2040DCB62F2A824C /* Frameworks */,
			);
			sourceTree = "<group>";
		};
		BA3A4D201C6D86A000765904 /* Products */ = {
			isa = PBXGroup;
			children = (
				BA3A4D1F1C6D86A000765904 /* World Mapper.app */,
				BA3A4D381C6D86A000765904 /* World MapperTests.xctest */,
				BA3A4D431C6D86A000765904 /* World MapperUITests.xctest */,
			);
			name = Products;
			sourceTree = "<group>";
		};
		BA3A4D211C6D86A000765904 /* World Mapper */ = {
			isa = PBXGroup;
			children = (
				BA3FC64C1C7379250048EC2D /* Parse */,
				BA3A4D8F1C6D8C3800765904 /* AppDelegate.swift */,
				BA3A4D2B1C6D86A000765904 /* Main.storyboard */,
				BA3A4D911C6D8C3E00765904 /* ViewController.swift */,
				BA3A4D2E1C6D86A000765904 /* Assets.xcassets */,
				BA3A4D301C6D86A000765904 /* LaunchScreen.storyboard */,
				BA3A4D331C6D86A000765904 /* Info.plist */,
				BABB61341C6D93C8003D3E71 /* World Mapper-Bridging-Header.h */,
				BABB61421C6D947F003D3E71 /* Keys.swift */,
			);
			path = "World Mapper";
			sourceTree = "<group>";
		};
		BA3FC64C1C7379250048EC2D /* Parse */ = {
			isa = PBXGroup;
			children = (
				BA3FC64D1C7379250048EC2D /* DataEvent.swift */,
				BA3FC64E1C7379250048EC2D /* Experience.swift */,
				BA3FC64F1C7379250048EC2D /* LocationUpdate.swift */,
				BA3FC6501C7379250048EC2D /* MotionActivityUpdate.swift */,
				BA3FC6511C7379250048EC2D /* SensorMoment.swift */,
				BA3FC6521C7379250048EC2D /* WorldObject.swift */,
			);
			path = Parse;
			sourceTree = "<group>";
		};
		DEB24EF9FC8A4F0387A21BAB /* Pods */ = {
			isa = PBXGroup;
			children = (
				EEDA149C9BC80A1928C32317 /* Pods-World Mapper.debug.xcconfig */,
				7DC11FDC9AA1CF03088A0611 /* Pods-World Mapper.release.xcconfig */,
			);
			name = Pods;
			sourceTree = "<group>";
		};
/* End PBXGroup section */

/* Begin PBXNativeTarget section */
		BA3A4D1E1C6D86A000765904 /* World Mapper */ = {
			isa = PBXNativeTarget;
			buildConfigurationList = BA3A4D4C1C6D86A000765904 /* Build configuration list for PBXNativeTarget "World Mapper" */;
			buildPhases = (
				B519766D39AF16188942E288 /* Check Pods Manifest.lock */,
				BA3A4D1B1C6D86A000765904 /* Sources */,
				BA3A4D1C1C6D86A000765904 /* Frameworks */,
				BA3A4D1D1C6D86A000765904 /* Resources */,
				4832284DCC6259F5512FBE73 /* Embed Pods Frameworks */,
				D6E88C32193BD4309353F05E /* Copy Pods Resources */,
			);
			buildRules = (
			);
			dependencies = (
			);
			name = "World Mapper";
			productName = "World Mapper";
			productReference = BA3A4D1F1C6D86A000765904 /* World Mapper.app */;
			productType = "com.apple.product-type.application";
		};
		BA3A4D371C6D86A000765904 /* World MapperTests */ = {
			isa = PBXNativeTarget;
			buildConfigurationList = BA3A4D4F1C6D86A000765904 /* Build configuration list for PBXNativeTarget "World MapperTests" */;
			buildPhases = (
				BA3A4D341C6D86A000765904 /* Sources */,
				BA3A4D351C6D86A000765904 /* Frameworks */,
				BA3A4D361C6D86A000765904 /* Resources */,
			);
			buildRules = (
			);
			dependencies = (
				BA3A4D3A1C6D86A000765904 /* PBXTargetDependency */,
			);
			name = "World MapperTests";
			productName = "World MapperTests";
			productReference = BA3A4D381C6D86A000765904 /* World MapperTests.xctest */;
			productType = "com.apple.product-type.bundle.unit-test";
		};
		BA3A4D421C6D86A000765904 /* World MapperUITests */ = {
			isa = PBXNativeTarget;
			buildConfigurationList = BA3A4D521C6D86A000765904 /* Build configuration list for PBXNativeTarget "World MapperUITests" */;
			buildPhases = (
				BA3A4D3F1C6D86A000765904 /* Sources */,
				BA3A4D401C6D86A000765904 /* Frameworks */,
				BA3A4D411C6D86A000765904 /* Resources */,
			);
			buildRules = (
			);
			dependencies = (
				BA3A4D451C6D86A000765904 /* PBXTargetDependency */,
			);
			name = "World MapperUITests";
			productName = "World MapperUITests";
			productReference = BA3A4D431C6D86A000765904 /* World MapperUITests.xctest */;
			productType = "com.apple.product-type.bundle.ui-testing";
		};
/* End PBXNativeTarget section */

/* Begin PBXProject section */
		BA3A4D171C6D86A000765904 /* Project object */ = {
			isa = PBXProject;
			attributes = {
				LastUpgradeCheck = 0720;
				ORGANIZATIONNAME = "Henry Spindell";
				TargetAttributes = {
					BA3A4D1E1C6D86A000765904 = {
						CreatedOnToolsVersion = 7.2.1;
					};
					BA3A4D371C6D86A000765904 = {
						CreatedOnToolsVersion = 7.2.1;
						TestTargetID = BA3A4D1E1C6D86A000765904;
					};
					BA3A4D421C6D86A000765904 = {
						CreatedOnToolsVersion = 7.2.1;
						TestTargetID = BA3A4D1E1C6D86A000765904;
					};
				};
			};
			buildConfigurationList = BA3A4D1A1C6D86A000765904 /* Build configuration list for PBXProject "World Mapper" */;
			compatibilityVersion = "Xcode 3.2";
			developmentRegion = English;
			hasScannedForEncodings = 0;
			knownRegions = (
				en,
				Base,
			);
			mainGroup = BA3A4D161C6D86A000765904;
			productRefGroup = BA3A4D201C6D86A000765904 /* Products */;
			projectDirPath = "";
			projectRoot = "";
			targets = (
				BA3A4D1E1C6D86A000765904 /* World Mapper */,
				BA3A4D371C6D86A000765904 /* World MapperTests */,
				BA3A4D421C6D86A000765904 /* World MapperUITests */,
			);
		};
/* End PBXProject section */

/* Begin PBXResourcesBuildPhase section */
		BA3A4D1D1C6D86A000765904 /* Resources */ = {
			isa = PBXResourcesBuildPhase;
			buildActionMask = 2147483647;
			files = (
				BA3A4D321C6D86A000765904 /* LaunchScreen.storyboard in Resources */,
				BA3A4D2F1C6D86A000765904 /* Assets.xcassets in Resources */,
				BA3A4D2D1C6D86A000765904 /* Main.storyboard in Resources */,
			);
			runOnlyForDeploymentPostprocessing = 0;
		};
		BA3A4D361C6D86A000765904 /* Resources */ = {
			isa = PBXResourcesBuildPhase;
			buildActionMask = 2147483647;
			files = (
			);
			runOnlyForDeploymentPostprocessing = 0;
		};
		BA3A4D411C6D86A000765904 /* Resources */ = {
			isa = PBXResourcesBuildPhase;
			buildActionMask = 2147483647;
			files = (
			);
			runOnlyForDeploymentPostprocessing = 0;
		};
/* End PBXResourcesBuildPhase section */

/* Begin PBXShellScriptBuildPhase section */
		4832284DCC6259F5512FBE73 /* Embed Pods Frameworks */ = {
			isa = PBXShellScriptBuildPhase;
			buildActionMask = 2147483647;
			files = (
			);
			inputPaths = (
			);
			name = "Embed Pods Frameworks";
			outputPaths = (
			);
			runOnlyForDeploymentPostprocessing = 0;
			shellPath = /bin/sh;
			shellScript = "\"${SRCROOT}/Pods/Target Support Files/Pods/Pods-frameworks.sh\"\n";
			showEnvVarsInLog = 0;
		};
		B519766D39AF16188942E288 /* Check Pods Manifest.lock */ = {
			isa = PBXShellScriptBuildPhase;
			buildActionMask = 2147483647;
			files = (
			);
			inputPaths = (
			);
			name = "Check Pods Manifest.lock";
			outputPaths = (
			);
			runOnlyForDeploymentPostprocessing = 0;
			shellPath = /bin/sh;
			shellScript = "diff \"${PODS_ROOT}/../Podfile.lock\" \"${PODS_ROOT}/Manifest.lock\" > /dev/null\nif [[ $? != 0 ]] ; then\n    cat << EOM\nerror: The sandbox is not in sync with the Podfile.lock. Run 'pod install' or update your CocoaPods installation.\nEOM\n    exit 1\nfi\n";
			showEnvVarsInLog = 0;
		};
		D6E88C32193BD4309353F05E /* Copy Pods Resources */ = {
			isa = PBXShellScriptBuildPhase;
			buildActionMask = 2147483647;
			files = (
			);
			inputPaths = (
			);
			name = "Copy Pods Resources";
			outputPaths = (
			);
			runOnlyForDeploymentPostprocessing = 0;
			shellPath = /bin/sh;
			shellScript = "\"${SRCROOT}/Pods/Target Support Files/Pods/Pods-resources.sh\"\n";
			showEnvVarsInLog = 0;
		};
/* End PBXShellScriptBuildPhase section */

/* Begin PBXSourcesBuildPhase section */
		BA3A4D1B1C6D86A000765904 /* Sources */ = {
			isa = PBXSourcesBuildPhase;
			buildActionMask = 2147483647;
			files = (
				BA3FC6561C7379250048EC2D /* MotionActivityUpdate.swift in Sources */,
				BA3A4D921C6D8C3E00765904 /* ViewController.swift in Sources */,
				BA3A4D901C6D8C3800765904 /* AppDelegate.swift in Sources */,
				BA3FC6531C7379250048EC2D /* DataEvent.swift in Sources */,
				BA3FC6551C7379250048EC2D /* LocationUpdate.swift in Sources */,
				BA3FC6581C7379250048EC2D /* WorldObject.swift in Sources */,
				BA3FC6541C7379250048EC2D /* Experience.swift in Sources */,
				BABB61431C6D947F003D3E71 /* Keys.swift in Sources */,
				BA3FC6571C7379250048EC2D /* SensorMoment.swift in Sources */,
			);
			runOnlyForDeploymentPostprocessing = 0;
		};
		BA3A4D341C6D86A000765904 /* Sources */ = {
			isa = PBXSourcesBuildPhase;
			buildActionMask = 2147483647;
			files = (
			);
			runOnlyForDeploymentPostprocessing = 0;
		};
		BA3A4D3F1C6D86A000765904 /* Sources */ = {
			isa = PBXSourcesBuildPhase;
			buildActionMask = 2147483647;
			files = (
			);
			runOnlyForDeploymentPostprocessing = 0;
		};
/* End PBXSourcesBuildPhase section */

/* Begin PBXTargetDependency section */
		BA3A4D3A1C6D86A000765904 /* PBXTargetDependency */ = {
			isa = PBXTargetDependency;
			target = BA3A4D1E1C6D86A000765904 /* World Mapper */;
			targetProxy = BA3A4D391C6D86A000765904 /* PBXContainerItemProxy */;
		};
		BA3A4D451C6D86A000765904 /* PBXTargetDependency */ = {
			isa = PBXTargetDependency;
			target = BA3A4D1E1C6D86A000765904 /* World Mapper */;
			targetProxy = BA3A4D441C6D86A000765904 /* PBXContainerItemProxy */;
		};
/* End PBXTargetDependency section */

/* Begin PBXVariantGroup section */
		BA3A4D2B1C6D86A000765904 /* Main.storyboard */ = {
			isa = PBXVariantGroup;
			children = (
				BA3A4D2C1C6D86A000765904 /* Base */,
			);
			name = Main.storyboard;
			sourceTree = "<group>";
		};
		BA3A4D301C6D86A000765904 /* LaunchScreen.storyboard */ = {
			isa = PBXVariantGroup;
			children = (
				BA3A4D311C6D86A000765904 /* Base */,
			);
			name = LaunchScreen.storyboard;
			sourceTree = "<group>";
		};
/* End PBXVariantGroup section */

/* Begin XCBuildConfiguration section */
		BA3A4D4A1C6D86A000765904 /* Debug */ = {
			isa = XCBuildConfiguration;
			buildSettings = {
				ALWAYS_SEARCH_USER_PATHS = NO;
				CLANG_CXX_LANGUAGE_STANDARD = "gnu++0x";
				CLANG_CXX_LIBRARY = "libc++";
				CLANG_ENABLE_MODULES = YES;
				CLANG_ENABLE_OBJC_ARC = YES;
				CLANG_WARN_BOOL_CONVERSION = YES;
				CLANG_WARN_CONSTANT_CONVERSION = YES;
				CLANG_WARN_DIRECT_OBJC_ISA_USAGE = YES_ERROR;
				CLANG_WARN_EMPTY_BODY = YES;
				CLANG_WARN_ENUM_CONVERSION = YES;
				CLANG_WARN_INT_CONVERSION = YES;
				CLANG_WARN_OBJC_ROOT_CLASS = YES_ERROR;
				CLANG_WARN_UNREACHABLE_CODE = YES;
				CLANG_WARN__DUPLICATE_METHOD_MATCH = YES;
				"CODE_SIGN_IDENTITY[sdk=iphoneos*]" = "iPhone Developer";
				COPY_PHASE_STRIP = NO;
				DEBUG_INFORMATION_FORMAT = dwarf;
				ENABLE_STRICT_OBJC_MSGSEND = YES;
				ENABLE_TESTABILITY = YES;
				GCC_C_LANGUAGE_STANDARD = gnu99;
				GCC_DYNAMIC_NO_PIC = NO;
				GCC_NO_COMMON_BLOCKS = YES;
				GCC_OPTIMIZATION_LEVEL = 0;
				GCC_PREPROCESSOR_DEFINITIONS = (
					"DEBUG=1",
					"$(inherited)",
				);
				GCC_WARN_64_TO_32_BIT_CONVERSION = YES;
				GCC_WARN_ABOUT_RETURN_TYPE = YES_ERROR;
				GCC_WARN_UNDECLARED_SELECTOR = YES;
				GCC_WARN_UNINITIALIZED_AUTOS = YES_AGGRESSIVE;
				GCC_WARN_UNUSED_FUNCTION = YES;
				GCC_WARN_UNUSED_VARIABLE = YES;
				IPHONEOS_DEPLOYMENT_TARGET = 9.2;
				MTL_ENABLE_DEBUG_INFO = YES;
				ONLY_ACTIVE_ARCH = YES;
				SDKROOT = iphoneos;
				TARGETED_DEVICE_FAMILY = "1,2";
			};
			name = Debug;
		};
		BA3A4D4B1C6D86A000765904 /* Release */ = {
			isa = XCBuildConfiguration;
			buildSettings = {
				ALWAYS_SEARCH_USER_PATHS = NO;
				CLANG_CXX_LANGUAGE_STANDARD = "gnu++0x";
				CLANG_CXX_LIBRARY = "libc++";
				CLANG_ENABLE_MODULES = YES;
				CLANG_ENABLE_OBJC_ARC = YES;
				CLANG_WARN_BOOL_CONVERSION = YES;
				CLANG_WARN_CONSTANT_CONVERSION = YES;
				CLANG_WARN_DIRECT_OBJC_ISA_USAGE = YES_ERROR;
				CLANG_WARN_EMPTY_BODY = YES;
				CLANG_WARN_ENUM_CONVERSION = YES;
				CLANG_WARN_INT_CONVERSION = YES;
				CLANG_WARN_OBJC_ROOT_CLASS = YES_ERROR;
				CLANG_WARN_UNREACHABLE_CODE = YES;
				CLANG_WARN__DUPLICATE_METHOD_MATCH = YES;
				"CODE_SIGN_IDENTITY[sdk=iphoneos*]" = "iPhone Developer";
				COPY_PHASE_STRIP = NO;
				DEBUG_INFORMATION_FORMAT = "dwarf-with-dsym";
				ENABLE_NS_ASSERTIONS = NO;
				ENABLE_STRICT_OBJC_MSGSEND = YES;
				GCC_C_LANGUAGE_STANDARD = gnu99;
				GCC_NO_COMMON_BLOCKS = YES;
				GCC_WARN_64_TO_32_BIT_CONVERSION = YES;
				GCC_WARN_ABOUT_RETURN_TYPE = YES_ERROR;
				GCC_WARN_UNDECLARED_SELECTOR = YES;
				GCC_WARN_UNINITIALIZED_AUTOS = YES_AGGRESSIVE;
				GCC_WARN_UNUSED_FUNCTION = YES;
				GCC_WARN_UNUSED_VARIABLE = YES;
				IPHONEOS_DEPLOYMENT_TARGET = 9.2;
				MTL_ENABLE_DEBUG_INFO = NO;
				SDKROOT = iphoneos;
				TARGETED_DEVICE_FAMILY = "1,2";
				VALIDATE_PRODUCT = YES;
			};
			name = Release;
		};
		BA3A4D4D1C6D86A000765904 /* Debug */ = {
			isa = XCBuildConfiguration;
			baseConfigurationReference = EEDA149C9BC80A1928C32317 /* Pods-World Mapper.debug.xcconfig */;
			buildSettings = {
				ASSETCATALOG_COMPILER_APPICON_NAME = AppIcon;
				CLANG_ENABLE_MODULES = YES;
				INFOPLIST_FILE = "World Mapper/Info.plist";
				LD_RUNPATH_SEARCH_PATHS = "$(inherited) @executable_path/Frameworks";
				PRODUCT_BUNDLE_IDENTIFIER = "com.henryspindell.World-Mapper";
				PRODUCT_NAME = "$(TARGET_NAME)";
				SWIFT_OPTIMIZATION_LEVEL = "-Onone";
			};
			name = Debug;
		};
		BA3A4D4E1C6D86A000765904 /* Release */ = {
			isa = XCBuildConfiguration;
			baseConfigurationReference = 7DC11FDC9AA1CF03088A0611 /* Pods-World Mapper.release.xcconfig */;
			buildSettings = {
				ASSETCATALOG_COMPILER_APPICON_NAME = AppIcon;
				CLANG_ENABLE_MODULES = YES;
				INFOPLIST_FILE = "World Mapper/Info.plist";
				LD_RUNPATH_SEARCH_PATHS = "$(inherited) @executable_path/Frameworks";
				PRODUCT_BUNDLE_IDENTIFIER = "com.henryspindell.World-Mapper";
				PRODUCT_NAME = "$(TARGET_NAME)";
			};
			name = Release;
		};
		BA3A4D501C6D86A000765904 /* Debug */ = {
			isa = XCBuildConfiguration;
			buildSettings = {
				BUNDLE_LOADER = "$(TEST_HOST)";
				INFOPLIST_FILE = "World MapperTests/Info.plist";
				LD_RUNPATH_SEARCH_PATHS = "$(inherited) @executable_path/Frameworks @loader_path/Frameworks";
				PRODUCT_BUNDLE_IDENTIFIER = "com.henryspindell.World-MapperTests";
				PRODUCT_NAME = "$(TARGET_NAME)";
				TEST_HOST = "$(BUILT_PRODUCTS_DIR)/World Mapper.app/World Mapper";
			};
			name = Debug;
		};
		BA3A4D511C6D86A000765904 /* Release */ = {
			isa = XCBuildConfiguration;
			buildSettings = {
				BUNDLE_LOADER = "$(TEST_HOST)";
				INFOPLIST_FILE = "World MapperTests/Info.plist";
				LD_RUNPATH_SEARCH_PATHS = "$(inherited) @executable_path/Frameworks @loader_path/Frameworks";
				PRODUCT_BUNDLE_IDENTIFIER = "com.henryspindell.World-MapperTests";
				PRODUCT_NAME = "$(TARGET_NAME)";
				TEST_HOST = "$(BUILT_PRODUCTS_DIR)/World Mapper.app/World Mapper";
			};
			name = Release;
		};
		BA3A4D531C6D86A000765904 /* Debug */ = {
			isa = XCBuildConfiguration;
			buildSettings = {
				INFOPLIST_FILE = "World MapperUITests/Info.plist";
				LD_RUNPATH_SEARCH_PATHS = "$(inherited) @executable_path/Frameworks @loader_path/Frameworks";
				PRODUCT_BUNDLE_IDENTIFIER = "com.henryspindell.World-MapperUITests";
				PRODUCT_NAME = "$(TARGET_NAME)";
				TEST_TARGET_NAME = "World Mapper";
				USES_XCTRUNNER = YES;
			};
			name = Debug;
		};
		BA3A4D541C6D86A000765904 /* Release */ = {
			isa = XCBuildConfiguration;
			buildSettings = {
				INFOPLIST_FILE = "World MapperUITests/Info.plist";
				LD_RUNPATH_SEARCH_PATHS = "$(inherited) @executable_path/Frameworks @loader_path/Frameworks";
				PRODUCT_BUNDLE_IDENTIFIER = "com.henryspindell.World-MapperUITests";
				PRODUCT_NAME = "$(TARGET_NAME)";
				TEST_TARGET_NAME = "World Mapper";
				USES_XCTRUNNER = YES;
			};
			name = Release;
		};
/* End XCBuildConfiguration section */

/* Begin XCConfigurationList section */
		BA3A4D1A1C6D86A000765904 /* Build configuration list for PBXProject "World Mapper" */ = {
			isa = XCConfigurationList;
			buildConfigurations = (
				BA3A4D4A1C6D86A000765904 /* Debug */,
				BA3A4D4B1C6D86A000765904 /* Release */,
			);
			defaultConfigurationIsVisible = 0;
			defaultConfigurationName = Release;
		};
		BA3A4D4C1C6D86A000765904 /* Build configuration list for PBXNativeTarget "World Mapper" */ = {
			isa = XCConfigurationList;
			buildConfigurations = (
				BA3A4D4D1C6D86A000765904 /* Debug */,
				BA3A4D4E1C6D86A000765904 /* Release */,
			);
			defaultConfigurationIsVisible = 0;
			defaultConfigurationName = Release;
		};
		BA3A4D4F1C6D86A000765904 /* Build configuration list for PBXNativeTarget "World MapperTests" */ = {
			isa = XCConfigurationList;
			buildConfigurations = (
				BA3A4D501C6D86A000765904 /* Debug */,
				BA3A4D511C6D86A000765904 /* Release */,
			);
			defaultConfigurationIsVisible = 0;
			defaultConfigurationName = Release;
		};
		BA3A4D521C6D86A000765904 /* Build configuration list for PBXNativeTarget "World MapperUITests" */ = {
			isa = XCConfigurationList;
			buildConfigurations = (
				BA3A4D531C6D86A000765904 /* Debug */,
				BA3A4D541C6D86A000765904 /* Release */,
			);
			defaultConfigurationIsVisible = 0;
			defaultConfigurationName = Release;
		};
/* End XCConfigurationList section */
	};
	rootObject = BA3A4D171C6D86A000765904 /* Project object */;
}
